
Microsoft Visual Studio Solution File, Format Version 12.00
# Visual Studio Version 17
VisualStudioVersion = 17.6.33723.286
MinimumVisualStudioVersion = 10.0.40219.1
Project("{FAE04EC0-301F-11D3-BF4B-00C04F79EFBC}") = "CircularLinkedList_Q2_", "CircularLinkedList_Q2_\CircularLinkedList_Q2_.csproj", "{8AC7A478-9664-41D6-A80A-C4411CA9681D}"
EndProject
Global
	GlobalSection(SolutionConfigurationPlatforms) = preSolution
		Debug|Any CPU = Debug|Any CPU
		Release|Any CPU = Release|Any CPU
	EndGlobalSection
	GlobalSection(ProjectConfigurationPlatforms) = postSolution
		{8AC7A478-9664-41D6-A80A-C4411CA9681D}.Debug|Any CPU.ActiveCfg = Debug|Any CPU
		{8AC7A478-9664-41D6-A80A-C4411CA9681D}.Debug|Any CPU.Build.0 = Debug|Any CPU
		{8AC7A478-9664-41D6-A80A-C4411CA9681D}.Release|Any CPU.ActiveCfg = Release|Any CPU
		{8AC7A478-9664-41D6-A80A-C4411CA9681D}.Release|Any CPU.Build.0 = Release|Any CPU
	EndGlobalSection
	GlobalSection(SolutionProperties) = preSolution
		HideSolutionNode = FALSE
	EndGlobalSection
	GlobalSection(ExtensibilityGlobals) = postSolution
		SolutionGuid = {1DB12BCB-F82B-46D1-BD95-2C5198137E35}
	EndGlobalSection
EndGlobal
